
Microsoft Visual Studio Solution File, Format Version 12.00
# Visual Studio 2013
VisualStudioVersion = 12.0.31101.0
MinimumVisualStudioVersion = 10.0.40219.1
Project("{2150E333-8FDC-42A3-9474-1A3956D46DE8}") = ".nuget", ".nuget", "{214D4F23-6749-4362-A53F-3D15ACA277BD}"
	ProjectSection(SolutionItems) = preProject
		.nuget\NuGet.Config = .nuget\NuGet.Config
		.nuget\NuGet.exe = .nuget\NuGet.exe
	EndProjectSection
EndProject
Project("{2150E333-8FDC-42A3-9474-1A3956D46DE8}") = "Solution Items", "Solution Items", "{DD956220-F281-406A-AFE1-35A57AA150BF}"
	ProjectSection(SolutionItems) = preProject
		License.txt = License.txt
	EndProjectSection
EndProject
Project("{FAE04EC0-301F-11D3-BF4B-00C04F79EFBC}") = "Duracellko.PlanningPoker.Domain", "Duracellko.PlanningPoker.Domain\Duracellko.PlanningPoker.Domain.csproj", "{DCEFC969-B16B-4A3A-A2B4-721A73570AB5}"
EndProject
Project("{FAE04EC0-301F-11D3-BF4B-00C04F79EFBC}") = "Duracellko.PlanningPoker.Domain.Test", "Duracellko.PlanningPoker.Domain.Test\Duracellko.PlanningPoker.Domain.Test.csproj", "{99963F88-6053-4908-8492-E7E6C892C5E2}"
EndProject
Project("{FAE04EC0-301F-11D3-BF4B-00C04F79EFBC}") = "Duracellko.PlanningPoker", "Duracellko.PlanningPoker\Duracellko.PlanningPoker.csproj", "{7B9F69D9-D05E-48DB-8E14-9BE728EAF065}"
EndProject
Project("{FAE04EC0-301F-11D3-BF4B-00C04F79EFBC}") = "Duracellko.PlanningPoker.Test", "Duracellko.PlanningPoker.Test\Duracellko.PlanningPoker.Test.csproj", "{38D341E5-A9AA-4168-89EB-84F72FE512F7}"
EndProject
Project("{FAE04EC0-301F-11D3-BF4B-00C04F79EFBC}") = "Duracellko.PlanningPoker.Web", "Duracellko.PlanningPoker.Web\Duracellko.PlanningPoker.Web.csproj", "{5FA7C788-BD44-4BEB-8F02-B0BE38A31F4D}"
EndProject
Project("{CC5FD16D-436D-48AD-A40C-5A424C6E3E79}") = "Duracellko.PlanningPoker.AzureService", "Duracellko.PlanningPoker.AzureService\Duracellko.PlanningPoker.AzureService.ccproj", "{4168CD20-AA60-4BBF-8685-24C1575BBD85}"
EndProject
Project("{FAE04EC0-301F-11D3-BF4B-00C04F79EFBC}") = "Duracellko.PlanningPoker.Azure", "Duracellko.PlanningPoker.Azure\Duracellko.PlanningPoker.Azure.csproj", "{E3AC5B99-7782-476C-B400-F6908CCD40A8}"
EndProject
Project("{FAE04EC0-301F-11D3-BF4B-00C04F79EFBC}") = "Duracellko.PlanningPoker.Azure.Test", "Duracellko.PlanningPoker.Azure.Test\Duracellko.PlanningPoker.Azure.Test.csproj", "{3A2D441D-B813-4C6C-A68A-E8FBEBA99B40}"
EndProject
Global
	GlobalSection(SolutionConfigurationPlatforms) = preSolution
		Debug Azure|Any CPU = Debug Azure|Any CPU
		Debug|Any CPU = Debug|Any CPU
		Release Azure|Any CPU = Release Azure|Any CPU
		Release|Any CPU = Release|Any CPU
	EndGlobalSection
	GlobalSection(ProjectConfigurationPlatforms) = postSolution
		{DCEFC969-B16B-4A3A-A2B4-721A73570AB5}.Debug Azure|Any CPU.ActiveCfg = Debug|Any CPU
		{DCEFC969-B16B-4A3A-A2B4-721A73570AB5}.Debug Azure|Any CPU.Build.0 = Debug|Any CPU
		{DCEFC969-B16B-4A3A-A2B4-721A73570AB5}.Debug|Any CPU.ActiveCfg = Debug|Any CPU
		{DCEFC969-B16B-4A3A-A2B4-721A73570AB5}.Debug|Any CPU.Build.0 = Debug|Any CPU
		{DCEFC969-B16B-4A3A-A2B4-721A73570AB5}.Release Azure|Any CPU.ActiveCfg = Release|Any CPU
		{DCEFC969-B16B-4A3A-A2B4-721A73570AB5}.Release Azure|Any CPU.Build.0 = Release|Any CPU
		{DCEFC969-B16B-4A3A-A2B4-721A73570AB5}.Release|Any CPU.ActiveCfg = Release|Any CPU
		{DCEFC969-B16B-4A3A-A2B4-721A73570AB5}.Release|Any CPU.Build.0 = Release|Any CPU
		{99963F88-6053-4908-8492-E7E6C892C5E2}.Debug Azure|Any CPU.ActiveCfg = Debug|Any CPU
		{99963F88-6053-4908-8492-E7E6C892C5E2}.Debug Azure|Any CPU.Build.0 = Debug|Any CPU
		{99963F88-6053-4908-8492-E7E6C892C5E2}.Debug|Any CPU.ActiveCfg = Debug|Any CPU
		{99963F88-6053-4908-8492-E7E6C892C5E2}.Debug|Any CPU.Build.0 = Debug|Any CPU
		{99963F88-6053-4908-8492-E7E6C892C5E2}.Release Azure|Any CPU.ActiveCfg = Release|Any CPU
		{99963F88-6053-4908-8492-E7E6C892C5E2}.Release Azure|Any CPU.Build.0 = Release|Any CPU
		{99963F88-6053-4908-8492-E7E6C892C5E2}.Release|Any CPU.ActiveCfg = Release|Any CPU
		{99963F88-6053-4908-8492-E7E6C892C5E2}.Release|Any CPU.Build.0 = Release|Any CPU
		{7B9F69D9-D05E-48DB-8E14-9BE728EAF065}.Debug Azure|Any CPU.ActiveCfg = Debug|Any CPU
		{7B9F69D9-D05E-48DB-8E14-9BE728EAF065}.Debug Azure|Any CPU.Build.0 = Debug|Any CPU
		{7B9F69D9-D05E-48DB-8E14-9BE728EAF065}.Debug|Any CPU.ActiveCfg = Debug|Any CPU
		{7B9F69D9-D05E-48DB-8E14-9BE728EAF065}.Debug|Any CPU.Build.0 = Debug|Any CPU
		{7B9F69D9-D05E-48DB-8E14-9BE728EAF065}.Release Azure|Any CPU.ActiveCfg = Release|Any CPU
		{7B9F69D9-D05E-48DB-8E14-9BE728EAF065}.Release Azure|Any CPU.Build.0 = Release|Any CPU
		{7B9F69D9-D05E-48DB-8E14-9BE728EAF065}.Release|Any CPU.ActiveCfg = Release|Any CPU
		{7B9F69D9-D05E-48DB-8E14-9BE728EAF065}.Release|Any CPU.Build.0 = Release|Any CPU
		{38D341E5-A9AA-4168-89EB-84F72FE512F7}.Debug Azure|Any CPU.ActiveCfg = Debug|Any CPU
		{38D341E5-A9AA-4168-89EB-84F72FE512F7}.Debug Azure|Any CPU.Build.0 = Debug|Any CPU
		{38D341E5-A9AA-4168-89EB-84F72FE512F7}.Debug|Any CPU.ActiveCfg = Debug|Any CPU
		{38D341E5-A9AA-4168-89EB-84F72FE512F7}.Debug|Any CPU.Build.0 = Debug|Any CPU
		{38D341E5-A9AA-4168-89EB-84F72FE512F7}.Release Azure|Any CPU.ActiveCfg = Release|Any CPU
		{38D341E5-A9AA-4168-89EB-84F72FE512F7}.Release Azure|Any CPU.Build.0 = Release|Any CPU
		{38D341E5-A9AA-4168-89EB-84F72FE512F7}.Release|Any CPU.ActiveCfg = Release|Any CPU
		{38D341E5-A9AA-4168-89EB-84F72FE512F7}.Release|Any CPU.Build.0 = Release|Any CPU
		{5FA7C788-BD44-4BEB-8F02-B0BE38A31F4D}.Debug Azure|Any CPU.ActiveCfg = Debug Azure|Any CPU
		{5FA7C788-BD44-4BEB-8F02-B0BE38A31F4D}.Debug Azure|Any CPU.Build.0 = Debug Azure|Any CPU
		{5FA7C788-BD44-4BEB-8F02-B0BE38A31F4D}.Debug|Any CPU.ActiveCfg = Debug|Any CPU
		{5FA7C788-BD44-4BEB-8F02-B0BE38A31F4D}.Debug|Any CPU.Build.0 = Debug|Any CPU
		{5FA7C788-BD44-4BEB-8F02-B0BE38A31F4D}.Release Azure|Any CPU.ActiveCfg = Release Azure|Any CPU
		{5FA7C788-BD44-4BEB-8F02-B0BE38A31F4D}.Release Azure|Any CPU.Build.0 = Release Azure|Any CPU
		{5FA7C788-BD44-4BEB-8F02-B0BE38A31F4D}.Release|Any CPU.ActiveCfg = Release|Any CPU
		{5FA7C788-BD44-4BEB-8F02-B0BE38A31F4D}.Release|Any CPU.Build.0 = Release|Any CPU
		{4168CD20-AA60-4BBF-8685-24C1575BBD85}.Debug Azure|Any CPU.ActiveCfg = Debug Azure|Any CPU
		{4168CD20-AA60-4BBF-8685-24C1575BBD85}.Debug Azure|Any CPU.Build.0 = Debug Azure|Any CPU
		{4168CD20-AA60-4BBF-8685-24C1575BBD85}.Debug|Any CPU.ActiveCfg = Debug Azure|Any CPU
		{4168CD20-AA60-4BBF-8685-24C1575BBD85}.Debug|Any CPU.Build.0 = Debug Azure|Any CPU
		{4168CD20-AA60-4BBF-8685-24C1575BBD85}.Release Azure|Any CPU.ActiveCfg = Release Azure|Any CPU
		{4168CD20-AA60-4BBF-8685-24C1575BBD85}.Release Azure|Any CPU.Build.0 = Release Azure|Any CPU
		{4168CD20-AA60-4BBF-8685-24C1575BBD85}.Release|Any CPU.ActiveCfg = Release Azure|Any CPU
		{4168CD20-AA60-4BBF-8685-24C1575BBD85}.Release|Any CPU.Build.0 = Release Azure|Any CPU
		{E3AC5B99-7782-476C-B400-F6908CCD40A8}.Debug Azure|Any CPU.ActiveCfg = Debug|Any CPU
		{E3AC5B99-7782-476C-B400-F6908CCD40A8}.Debug Azure|Any CPU.Build.0 = Debug|Any CPU
		{E3AC5B99-7782-476C-B400-F6908CCD40A8}.Debug Azure|Any CPU.Deploy.0 = Debug|Any CPU
		{E3AC5B99-7782-476C-B400-F6908CCD40A8}.Debug|Any CPU.ActiveCfg = Debug|Any CPU
		{E3AC5B99-7782-476C-B400-F6908CCD40A8}.Debug|Any CPU.Deploy.0 = Debug|Any CPU
		{E3AC5B99-7782-476C-B400-F6908CCD40A8}.Release Azure|Any CPU.ActiveCfg = Release|Any CPU
		{E3AC5B99-7782-476C-B400-F6908CCD40A8}.Release Azure|Any CPU.Build.0 = Release|Any CPU
		{E3AC5B99-7782-476C-B400-F6908CCD40A8}.Release|Any CPU.ActiveCfg = Release|Any CPU
		{3A2D441D-B813-4C6C-A68A-E8FBEBA99B40}.Debug Azure|Any CPU.ActiveCfg = Debug|Any CPU
		{3A2D441D-B813-4C6C-A68A-E8FBEBA99B40}.Debug Azure|Any CPU.Build.0 = Debug|Any CPU
		{3A2D441D-B813-4C6C-A68A-E8FBEBA99B40}.Debug|Any CPU.ActiveCfg = Debug|Any CPU
		{3A2D441D-B813-4C6C-A68A-E8FBEBA99B40}.Release Azure|Any CPU.ActiveCfg = Release|Any CPU
		{3A2D441D-B813-4C6C-A68A-E8FBEBA99B40}.Release Azure|Any CPU.Build.0 = Release|Any CPU
		{3A2D441D-B813-4C6C-A68A-E8FBEBA99B40}.Release|Any CPU.ActiveCfg = Release|Any CPU
	EndGlobalSection
	GlobalSection(SolutionProperties) = preSolution
		HideSolutionNode = FALSE
	EndGlobalSection
	GlobalSection(ExtensibilityGlobals) = postSolution
		EnterpriseLibraryConfigurationToolBinariesPath = packages\Unity.2.1.505.2\lib\NET35
	EndGlobalSection
EndGlobal
